
Microsoft Visual Studio Solution File, Format Version 12.00
# Visual Studio Version 17
VisualStudioVersion = 17.0.31903.59
MinimumVisualStudioVersion = 10.0.40219.1
Project("{2150E333-8FDC-42A3-9474-1A3956D46DE8}") = "src", "src", "{827E0CD3-B72D-47B6-A68D-7590B98EB39B}"
EndProject
Project("{FAE04EC0-301F-11D3-BF4B-00C04F79EFBC}") = "GoogleFlightsMcp", "src\GoogleFlightsMcp\GoogleFlightsMcp.csproj", "{594963EA-C827-49A4-929A-86AABED51890}"
EndProject
Project("{FAE04EC0-301F-11D3-BF4B-00C04F79EFBC}") = "GoogleFlightsApi", "src\GoogleFlightsApi\GoogleFlightsApi.csproj", "{33E8F036-258E-4A2A-9526-7BB49B7EEA05}"
EndProject
Project("{2150E333-8FDC-42A3-9474-1A3956D46DE8}") = "tests", "tests", "{0AB3BF05-4346-4AA6-1389-037BE0695223}"
EndProject
Project("{FAE04EC0-301F-11D3-BF4B-00C04F79EFBC}") = "GoogleFlightsApi.Tests", "tests\GoogleFlightsApi.Tests\GoogleFlightsApi.Tests.csproj", "{79E67306-86C2-45E3-86F4-61CE0B0CD63E}"
EndProject
Global
	GlobalSection(SolutionConfigurationPlatforms) = preSolution
		Debug|Any CPU = Debug|Any CPU
		Debug|x64 = Debug|x64
		Debug|x86 = Debug|x86
		Release|Any CPU = Release|Any CPU
		Release|x64 = Release|x64
		Release|x86 = Release|x86
	EndGlobalSection
	GlobalSection(ProjectConfigurationPlatforms) = postSolution
		{594963EA-C827-49A4-929A-86AABED51890}.Debug|Any CPU.ActiveCfg = Debug|Any CPU
		{594963EA-C827-49A4-929A-86AABED51890}.Debug|Any CPU.Build.0 = Debug|Any CPU
		{594963EA-C827-49A4-929A-86AABED51890}.Debug|x64.ActiveCfg = Debug|Any CPU
		{594963EA-C827-49A4-929A-86AABED51890}.Debug|x64.Build.0 = Debug|Any CPU
		{594963EA-C827-49A4-929A-86AABED51890}.Debug|x86.ActiveCfg = Debug|Any CPU
		{594963EA-C827-49A4-929A-86AABED51890}.Debug|x86.Build.0 = Debug|Any CPU
		{594963EA-C827-49A4-929A-86AABED51890}.Release|Any CPU.ActiveCfg = Release|Any CPU
		{594963EA-C827-49A4-929A-86AABED51890}.Release|Any CPU.Build.0 = Release|Any CPU
		{594963EA-C827-49A4-929A-86AABED51890}.Release|x64.ActiveCfg = Release|Any CPU
		{594963EA-C827-49A4-929A-86AABED51890}.Release|x64.Build.0 = Release|Any CPU
		{594963EA-C827-49A4-929A-86AABED51890}.Release|x86.ActiveCfg = Release|Any CPU
		{594963EA-C827-49A4-929A-86AABED51890}.Release|x86.Build.0 = Release|Any CPU
		{33E8F036-258E-4A2A-9526-7BB49B7EEA05}.Debug|Any CPU.ActiveCfg = Debug|Any CPU
		{33E8F036-258E-4A2A-9526-7BB49B7EEA05}.Debug|Any CPU.Build.0 = Debug|Any CPU
		{33E8F036-258E-4A2A-9526-7BB49B7EEA05}.Debug|x64.ActiveCfg = Debug|Any CPU
		{33E8F036-258E-4A2A-9526-7BB49B7EEA05}.Debug|x64.Build.0 = Debug|Any CPU
		{33E8F036-258E-4A2A-9526-7BB49B7EEA05}.Debug|x86.ActiveCfg = Debug|Any CPU
		{33E8F036-258E-4A2A-9526-7BB49B7EEA05}.Debug|x86.Build.0 = Debug|Any CPU
		{33E8F036-258E-4A2A-9526-7BB49B7EEA05}.Release|Any CPU.ActiveCfg = Release|Any CPU
		{33E8F036-258E-4A2A-9526-7BB49B7EEA05}.Release|Any CPU.Build.0 = Release|Any CPU
		{33E8F036-258E-4A2A-9526-7BB49B7EEA05}.Release|x64.ActiveCfg = Release|Any CPU
		{33E8F036-258E-4A2A-9526-7BB49B7EEA05}.Release|x64.Build.0 = Release|Any CPU
		{33E8F036-258E-4A2A-9526-7BB49B7EEA05}.Release|x86.ActiveCfg = Release|Any CPU
		{33E8F036-258E-4A2A-9526-7BB49B7EEA05}.Release|x86.Build.0 = Release|Any CPU
		{79E67306-86C2-45E3-86F4-61CE0B0CD63E}.Debug|Any CPU.ActiveCfg = Debug|Any CPU
		{79E67306-86C2-45E3-86F4-61CE0B0CD63E}.Debug|Any CPU.Build.0 = Debug|Any CPU
		{79E67306-86C2-45E3-86F4-61CE0B0CD63E}.Debug|x64.ActiveCfg = Debug|Any CPU
		{79E67306-86C2-45E3-86F4-61CE0B0CD63E}.Debug|x64.Build.0 = Debug|Any CPU
		{79E67306-86C2-45E3-86F4-61CE0B0CD63E}.Debug|x86.ActiveCfg = Debug|Any CPU
		{79E67306-86C2-45E3-86F4-61CE0B0CD63E}.Debug|x86.Build.0 = Debug|Any CPU
		{79E67306-86C2-45E3-86F4-61CE0B0CD63E}.Release|Any CPU.ActiveCfg = Release|Any CPU
		{79E67306-86C2-45E3-86F4-61CE0B0CD63E}.Release|Any CPU.Build.0 = Release|Any CPU
		{79E67306-86C2-45E3-86F4-61CE0B0CD63E}.Release|x64.ActiveCfg = Release|Any CPU
		{79E67306-86C2-45E3-86F4-61CE0B0CD63E}.Release|x64.Build.0 = Release|Any CPU
		{79E67306-86C2-45E3-86F4-61CE0B0CD63E}.Release|x86.ActiveCfg = Release|Any CPU
		{79E67306-86C2-45E3-86F4-61CE0B0CD63E}.Release|x86.Build.0 = Release|Any CPU
	EndGlobalSection
	GlobalSection(SolutionProperties) = preSolution
		HideSolutionNode = FALSE
	EndGlobalSection
	GlobalSection(NestedProjects) = preSolution
		{594963EA-C827-49A4-929A-86AABED51890} = {827E0CD3-B72D-47B6-A68D-7590B98EB39B}
		{33E8F036-258E-4A2A-9526-7BB49B7EEA05} = {827E0CD3-B72D-47B6-A68D-7590B98EB39B}
		{79E67306-86C2-45E3-86F4-61CE0B0CD63E} = {0AB3BF05-4346-4AA6-1389-037BE0695223}
	EndGlobalSection
EndGlobal
