
Microsoft Visual Studio Solution File, Format Version 12.00
# Visual Studio Version 18
VisualStudioVersion = 18.1.11312.151
MinimumVisualStudioVersion = 10.0.40219.1
Project("{FAE04EC0-301F-11D3-BF4B-00C04F79EFBC}") = "GoogleFlights.Core", "GoogleFlights.Core\GoogleFlights.Core.csproj", "{AB6F465C-7CF2-4D2A-9942-AE93974DC53A}"
EndProject
Project("{2150E333-8FDC-42A3-9474-1A3956D46DE8}") = "Solution Items", "Solution Items", "{42FDA8D9-FDFF-46C1-AB00-9BB2AFBAEE34}"
	ProjectSection(SolutionItems) = preProject
		.github\copilot-instructions.md = .github\copilot-instructions.md
	EndProjectSection
EndProject
Project("{FAE04EC0-301F-11D3-BF4B-00C04F79EFBC}") = "GoogleFlightsApi", "GoogleFlightsApi\GoogleFlightsApi.csproj", "{BB72F690-A58B-3184-07DF-CDE3DAFDC453}"
EndProject
Project("{FAE04EC0-301F-11D3-BF4B-00C04F79EFBC}") = "GoogleFlightsMcp", "GoogleFlightsMcp\GoogleFlightsMcp.csproj", "{F110A85A-E26D-65DC-36EE-89D12E54044A}"
EndProject
Global
	GlobalSection(SolutionConfigurationPlatforms) = preSolution
		Debug|Any CPU = Debug|Any CPU
		Debug|x64 = Debug|x64
		Debug|x86 = Debug|x86
		Release|Any CPU = Release|Any CPU
		Release|x64 = Release|x64
		Release|x86 = Release|x86
	EndGlobalSection
	GlobalSection(ProjectConfigurationPlatforms) = postSolution
		{AB6F465C-7CF2-4D2A-9942-AE93974DC53A}.Debug|Any CPU.ActiveCfg = Debug|Any CPU
		{AB6F465C-7CF2-4D2A-9942-AE93974DC53A}.Debug|Any CPU.Build.0 = Debug|Any CPU
		{AB6F465C-7CF2-4D2A-9942-AE93974DC53A}.Debug|x64.ActiveCfg = Debug|Any CPU
		{AB6F465C-7CF2-4D2A-9942-AE93974DC53A}.Debug|x64.Build.0 = Debug|Any CPU
		{AB6F465C-7CF2-4D2A-9942-AE93974DC53A}.Debug|x86.ActiveCfg = Debug|Any CPU
		{AB6F465C-7CF2-4D2A-9942-AE93974DC53A}.Debug|x86.Build.0 = Debug|Any CPU
		{AB6F465C-7CF2-4D2A-9942-AE93974DC53A}.Release|Any CPU.ActiveCfg = Release|Any CPU
		{AB6F465C-7CF2-4D2A-9942-AE93974DC53A}.Release|Any CPU.Build.0 = Release|Any CPU
		{AB6F465C-7CF2-4D2A-9942-AE93974DC53A}.Release|x64.ActiveCfg = Release|Any CPU
		{AB6F465C-7CF2-4D2A-9942-AE93974DC53A}.Release|x64.Build.0 = Release|Any CPU
		{AB6F465C-7CF2-4D2A-9942-AE93974DC53A}.Release|x86.ActiveCfg = Release|Any CPU
		{AB6F465C-7CF2-4D2A-9942-AE93974DC53A}.Release|x86.Build.0 = Release|Any CPU
		{BB72F690-A58B-3184-07DF-CDE3DAFDC453}.Debug|Any CPU.ActiveCfg = Debug|Any CPU
		{BB72F690-A58B-3184-07DF-CDE3DAFDC453}.Debug|Any CPU.Build.0 = Debug|Any CPU
		{BB72F690-A58B-3184-07DF-CDE3DAFDC453}.Debug|x64.ActiveCfg = Debug|Any CPU
		{BB72F690-A58B-3184-07DF-CDE3DAFDC453}.Debug|x64.Build.0 = Debug|Any CPU
		{BB72F690-A58B-3184-07DF-CDE3DAFDC453}.Debug|x86.ActiveCfg = Debug|Any CPU
		{BB72F690-A58B-3184-07DF-CDE3DAFDC453}.Debug|x86.Build.0 = Debug|Any CPU
		{BB72F690-A58B-3184-07DF-CDE3DAFDC453}.Release|Any CPU.ActiveCfg = Release|Any CPU
		{BB72F690-A58B-3184-07DF-CDE3DAFDC453}.Release|Any CPU.Build.0 = Release|Any CPU
		{BB72F690-A58B-3184-07DF-CDE3DAFDC453}.Release|x64.ActiveCfg = Release|Any CPU
		{BB72F690-A58B-3184-07DF-CDE3DAFDC453}.Release|x64.Build.0 = Release|Any CPU
		{BB72F690-A58B-3184-07DF-CDE3DAFDC453}.Release|x86.ActiveCfg = Release|Any CPU
		{BB72F690-A58B-3184-07DF-CDE3DAFDC453}.Release|x86.Build.0 = Release|Any CPU
		{F110A85A-E26D-65DC-36EE-89D12E54044A}.Debug|Any CPU.ActiveCfg = Debug|Any CPU
		{F110A85A-E26D-65DC-36EE-89D12E54044A}.Debug|Any CPU.Build.0 = Debug|Any CPU
		{F110A85A-E26D-65DC-36EE-89D12E54044A}.Debug|x64.ActiveCfg = Debug|Any CPU
		{F110A85A-E26D-65DC-36EE-89D12E54044A}.Debug|x64.Build.0 = Debug|Any CPU
		{F110A85A-E26D-65DC-36EE-89D12E54044A}.Debug|x86.ActiveCfg = Debug|Any CPU
		{F110A85A-E26D-65DC-36EE-89D12E54044A}.Debug|x86.Build.0 = Debug|Any CPU
		{F110A85A-E26D-65DC-36EE-89D12E54044A}.Release|Any CPU.ActiveCfg = Release|Any CPU
		{F110A85A-E26D-65DC-36EE-89D12E54044A}.Release|Any CPU.Build.0 = Release|Any CPU
		{F110A85A-E26D-65DC-36EE-89D12E54044A}.Release|x64.ActiveCfg = Release|Any CPU
		{F110A85A-E26D-65DC-36EE-89D12E54044A}.Release|x64.Build.0 = Release|Any CPU
		{F110A85A-E26D-65DC-36EE-89D12E54044A}.Release|x86.ActiveCfg = Release|Any CPU
		{F110A85A-E26D-65DC-36EE-89D12E54044A}.Release|x86.Build.0 = Release|Any CPU
	EndGlobalSection
	GlobalSection(SolutionProperties) = preSolution
		HideSolutionNode = FALSE
	EndGlobalSection
	GlobalSection(ExtensibilityGlobals) = postSolution
		SolutionGuid = {17A13B6F-4143-4689-8730-33C77B6973C4}
	EndGlobalSection
EndGlobal
